
Microsoft Visual Studio Solution File, Format Version 12.00
# Visual Studio 15
Project("{FAE04EC0-301F-11D3-BF4B-00C04F79EFBC}") = "WhatCanICook", "WhatCanICook.csproj", "{B82AC6A7-75DB-4D64-BA44-34B9AB01290B}"
EndProject
Global
	GlobalSection(SolutionConfigurationPlatforms) = preSolution
		Debug|iPhoneSimulator = Debug|iPhoneSimulator
		Release|iPhoneSimulator = Release|iPhoneSimulator
		Debug|iPhone = Debug|iPhone
		Release|iPhone = Release|iPhone
	EndGlobalSection
	GlobalSection(ProjectConfigurationPlatforms) = postSolution
		{B82AC6A7-75DB-4D64-BA44-34B9AB01290B}.Debug|iPhoneSimulator.ActiveCfg = Debug|iPhoneSimulator
		{B82AC6A7-75DB-4D64-BA44-34B9AB01290B}.Debug|iPhoneSimulator.Build.0 = Debug|iPhoneSimulator
		{B82AC6A7-75DB-4D64-BA44-34B9AB01290B}.Release|iPhoneSimulator.ActiveCfg = Release|iPhoneSimulator
		{B82AC6A7-75DB-4D64-BA44-34B9AB01290B}.Release|iPhoneSimulator.Build.0 = Release|iPhoneSimulator
		{B82AC6A7-75DB-4D64-BA44-34B9AB01290B}.Debug|iPhone.ActiveCfg = Debug|iPhone
		{B82AC6A7-75DB-4D64-BA44-34B9AB01290B}.Debug|iPhone.Build.0 = Debug|iPhone
		{B82AC6A7-75DB-4D64-BA44-34B9AB01290B}.Release|iPhone.ActiveCfg = Release|iPhone
		{B82AC6A7-75DB-4D64-BA44-34B9AB01290B}.Release|iPhone.Build.0 = Release|iPhone
	EndGlobalSection
EndGlobal
